
Microsoft Visual Studio Solution File, Format Version 11.00
# Visual Studio 2010
Project("{FAE04EC0-301F-11D3-BF4B-00C04F79EFBC}") = "Assembly-CSharp", "Assembly-CSharp.csproj", "{889CE9B1-C9DB-B1C2-572D-AC6FBCEE6568}"
EndProject
Project("{FAE04EC0-301F-11D3-BF4B-00C04F79EFBC}") = "Assembly-CSharp-Editor", "Assembly-CSharp-Editor.csproj", "{F7CF04E7-4E54-59F5-82AF-5FB63D0EF341}"
EndProject
Global
	GlobalSection(SolutionConfigurationPlatforms) = preSolution
		Debug|Any CPU = Debug|Any CPU
		Release|Any CPU = Release|Any CPU
	EndGlobalSection
	GlobalSection(ProjectConfigurationPlatforms) = postSolution
		{889CE9B1-C9DB-B1C2-572D-AC6FBCEE6568}.Debug|Any CPU.ActiveCfg = Debug|Any CPU
		{889CE9B1-C9DB-B1C2-572D-AC6FBCEE6568}.Debug|Any CPU.Build.0 = Debug|Any CPU
		{889CE9B1-C9DB-B1C2-572D-AC6FBCEE6568}.Release|Any CPU.ActiveCfg = Release|Any CPU
		{889CE9B1-C9DB-B1C2-572D-AC6FBCEE6568}.Release|Any CPU.Build.0 = Release|Any CPU
		{F7CF04E7-4E54-59F5-82AF-5FB63D0EF341}.Debug|Any CPU.ActiveCfg = Debug|Any CPU
		{F7CF04E7-4E54-59F5-82AF-5FB63D0EF341}.Debug|Any CPU.Build.0 = Debug|Any CPU
		{F7CF04E7-4E54-59F5-82AF-5FB63D0EF341}.Release|Any CPU.ActiveCfg = Release|Any CPU
		{F7CF04E7-4E54-59F5-82AF-5FB63D0EF341}.Release|Any CPU.Build.0 = Release|Any CPU
	EndGlobalSection
	GlobalSection(SolutionProperties) = preSolution
		HideSolutionNode = FALSE
	EndGlobalSection
EndGlobal
