
Microsoft Visual Studio Solution File, Format Version 12.00
# Visual Studio 15
VisualStudioVersion = 15.0.28307.1169
MinimumVisualStudioVersion = 10.0.40219.1
Project("{FAE04EC0-301F-11D3-BF4B-00C04F79EFBC}") = "MonitorLib", "MonitorLib\MonitorLib.csproj", "{E8085C6E-3EDF-48C2-9A82-164E67CD99FE}"
EndProject
Project("{FAE04EC0-301F-11D3-BF4B-00C04F79EFBC}") = "MonitorLib-Editor", "MonitorLib-Editor\MonitorLib-Editor.csproj", "{165AEE14-F0CF-4D39-A241-594E10568B1B}"
EndProject
Global
	GlobalSection(SolutionConfigurationPlatforms) = preSolution
		Debug|Any CPU = Debug|Any CPU
		Release|Any CPU = Release|Any CPU
	EndGlobalSection
	GlobalSection(ProjectConfigurationPlatforms) = postSolution
		{E8085C6E-3EDF-48C2-9A82-164E67CD99FE}.Debug|Any CPU.ActiveCfg = Debug|Any CPU
		{E8085C6E-3EDF-48C2-9A82-164E67CD99FE}.Debug|Any CPU.Build.0 = Debug|Any CPU
		{E8085C6E-3EDF-48C2-9A82-164E67CD99FE}.Release|Any CPU.ActiveCfg = Release|Any CPU
		{E8085C6E-3EDF-48C2-9A82-164E67CD99FE}.Release|Any CPU.Build.0 = Release|Any CPU
		{165AEE14-F0CF-4D39-A241-594E10568B1B}.Debug|Any CPU.ActiveCfg = Debug|Any CPU
		{165AEE14-F0CF-4D39-A241-594E10568B1B}.Debug|Any CPU.Build.0 = Debug|Any CPU
		{165AEE14-F0CF-4D39-A241-594E10568B1B}.Release|Any CPU.ActiveCfg = Release|Any CPU
		{165AEE14-F0CF-4D39-A241-594E10568B1B}.Release|Any CPU.Build.0 = Release|Any CPU
	EndGlobalSection
	GlobalSection(SolutionProperties) = preSolution
		HideSolutionNode = FALSE
	EndGlobalSection
	GlobalSection(ExtensibilityGlobals) = postSolution
		SolutionGuid = {9A892B26-AD26-4F4C-9662-90E063231491}
	EndGlobalSection
EndGlobal
